
Microsoft Visual Studio Solution File, Format Version 12.00
# Visual Studio Version 16
VisualStudioVersion = 16.0.31624.102
MinimumVisualStudioVersion = 10.0.40219.1
Project("{FAE04EC0-301F-11D3-BF4B-00C04F79EFBC}") = "OnlineEducationHelpingHandPortal", "OnlineEducationHelpingHandPortal\OnlineEducationHelpingHandPortal.csproj", "{9269B35E-9957-43C8-AAE5-957D73514049}"
EndProject
Global
	GlobalSection(SolutionConfigurationPlatforms) = preSolution
		Debug|Any CPU = Debug|Any CPU
		Release|Any CPU = Release|Any CPU
	EndGlobalSection
	GlobalSection(ProjectConfigurationPlatforms) = postSolution
		{9269B35E-9957-43C8-AAE5-957D73514049}.Debug|Any CPU.ActiveCfg = Debug|Any CPU
		{9269B35E-9957-43C8-AAE5-957D73514049}.Debug|Any CPU.Build.0 = Debug|Any CPU
		{9269B35E-9957-43C8-AAE5-957D73514049}.Release|Any CPU.ActiveCfg = Release|Any CPU
		{9269B35E-9957-43C8-AAE5-957D73514049}.Release|Any CPU.Build.0 = Release|Any CPU
	EndGlobalSection
	GlobalSection(SolutionProperties) = preSolution
		HideSolutionNode = FALSE
	EndGlobalSection
	GlobalSection(ExtensibilityGlobals) = postSolution
		SolutionGuid = {C97A2ADB-222F-4266-9B6E-B7684C434A79}
	EndGlobalSection
EndGlobal
